
Microsoft Visual Studio Solution File, Format Version 12.00
# Visual Studio 14
VisualStudioVersion = 14.0.25420.1
MinimumVisualStudioVersion = 10.0.40219.1
Project("{FAE04EC0-301F-11D3-BF4B-00C04F79EFBC}") = "SteveHemond.MusicSheetViewer", "SteveHemond.MusicSheetViewer\SteveHemond.MusicSheetViewer.csproj", "{C0D1D6D5-6EC4-479E-83EE-D9C46CC2908B}"
EndProject
Project("{FAE04EC0-301F-11D3-BF4B-00C04F79EFBC}") = "SteveHemond.Controls.PdfViewer", "SteveHemond.Controls.PdfViewer\SteveHemond.Controls.PdfViewer.csproj", "{A85C9B26-7F0F-476D-B146-1ED8BF0F2362}"
EndProject
Global
	GlobalSection(SolutionConfigurationPlatforms) = preSolution
		Debug|Any CPU = Debug|Any CPU
		Debug|ARM = Debug|ARM
		Debug|x64 = Debug|x64
		Debug|x86 = Debug|x86
		Release|Any CPU = Release|Any CPU
		Release|ARM = Release|ARM
		Release|x64 = Release|x64
		Release|x86 = Release|x86
	EndGlobalSection
	GlobalSection(ProjectConfigurationPlatforms) = postSolution
		{C0D1D6D5-6EC4-479E-83EE-D9C46CC2908B}.Debug|Any CPU.ActiveCfg = Debug|x86
		{C0D1D6D5-6EC4-479E-83EE-D9C46CC2908B}.Debug|ARM.ActiveCfg = Debug|ARM
		{C0D1D6D5-6EC4-479E-83EE-D9C46CC2908B}.Debug|ARM.Build.0 = Debug|ARM
		{C0D1D6D5-6EC4-479E-83EE-D9C46CC2908B}.Debug|ARM.Deploy.0 = Debug|ARM
		{C0D1D6D5-6EC4-479E-83EE-D9C46CC2908B}.Debug|x64.ActiveCfg = Debug|x64
		{C0D1D6D5-6EC4-479E-83EE-D9C46CC2908B}.Debug|x64.Build.0 = Debug|x64
		{C0D1D6D5-6EC4-479E-83EE-D9C46CC2908B}.Debug|x64.Deploy.0 = Debug|x64
		{C0D1D6D5-6EC4-479E-83EE-D9C46CC2908B}.Debug|x86.ActiveCfg = Debug|x86
		{C0D1D6D5-6EC4-479E-83EE-D9C46CC2908B}.Debug|x86.Build.0 = Debug|x86
		{C0D1D6D5-6EC4-479E-83EE-D9C46CC2908B}.Debug|x86.Deploy.0 = Debug|x86
		{C0D1D6D5-6EC4-479E-83EE-D9C46CC2908B}.Release|Any CPU.ActiveCfg = Release|x86
		{C0D1D6D5-6EC4-479E-83EE-D9C46CC2908B}.Release|ARM.ActiveCfg = Release|ARM
		{C0D1D6D5-6EC4-479E-83EE-D9C46CC2908B}.Release|ARM.Build.0 = Release|ARM
		{C0D1D6D5-6EC4-479E-83EE-D9C46CC2908B}.Release|ARM.Deploy.0 = Release|ARM
		{C0D1D6D5-6EC4-479E-83EE-D9C46CC2908B}.Release|x64.ActiveCfg = Release|x64
		{C0D1D6D5-6EC4-479E-83EE-D9C46CC2908B}.Release|x64.Build.0 = Release|x64
		{C0D1D6D5-6EC4-479E-83EE-D9C46CC2908B}.Release|x64.Deploy.0 = Release|x64
		{C0D1D6D5-6EC4-479E-83EE-D9C46CC2908B}.Release|x86.ActiveCfg = Release|x86
		{C0D1D6D5-6EC4-479E-83EE-D9C46CC2908B}.Release|x86.Build.0 = Release|x86
		{C0D1D6D5-6EC4-479E-83EE-D9C46CC2908B}.Release|x86.Deploy.0 = Release|x86
		{A85C9B26-7F0F-476D-B146-1ED8BF0F2362}.Debug|Any CPU.ActiveCfg = Debug|Any CPU
		{A85C9B26-7F0F-476D-B146-1ED8BF0F2362}.Debug|Any CPU.Build.0 = Debug|Any CPU
		{A85C9B26-7F0F-476D-B146-1ED8BF0F2362}.Debug|ARM.ActiveCfg = Debug|ARM
		{A85C9B26-7F0F-476D-B146-1ED8BF0F2362}.Debug|ARM.Build.0 = Debug|ARM
		{A85C9B26-7F0F-476D-B146-1ED8BF0F2362}.Debug|x64.ActiveCfg = Debug|x64
		{A85C9B26-7F0F-476D-B146-1ED8BF0F2362}.Debug|x64.Build.0 = Debug|x64
		{A85C9B26-7F0F-476D-B146-1ED8BF0F2362}.Debug|x86.ActiveCfg = Debug|x86
		{A85C9B26-7F0F-476D-B146-1ED8BF0F2362}.Debug|x86.Build.0 = Debug|x86
		{A85C9B26-7F0F-476D-B146-1ED8BF0F2362}.Release|Any CPU.ActiveCfg = Release|Any CPU
		{A85C9B26-7F0F-476D-B146-1ED8BF0F2362}.Release|Any CPU.Build.0 = Release|Any CPU
		{A85C9B26-7F0F-476D-B146-1ED8BF0F2362}.Release|ARM.ActiveCfg = Release|ARM
		{A85C9B26-7F0F-476D-B146-1ED8BF0F2362}.Release|ARM.Build.0 = Release|ARM
		{A85C9B26-7F0F-476D-B146-1ED8BF0F2362}.Release|x64.ActiveCfg = Release|x64
		{A85C9B26-7F0F-476D-B146-1ED8BF0F2362}.Release|x64.Build.0 = Release|x64
		{A85C9B26-7F0F-476D-B146-1ED8BF0F2362}.Release|x86.ActiveCfg = Release|x86
		{A85C9B26-7F0F-476D-B146-1ED8BF0F2362}.Release|x86.Build.0 = Release|x86
	EndGlobalSection
	GlobalSection(SolutionProperties) = preSolution
		HideSolutionNode = FALSE
	EndGlobalSection
EndGlobal
